
Microsoft Visual Studio Solution File, Format Version 12.00
# Visual Studio Version 17
VisualStudioVersion = 17.8.34316.72
MinimumVisualStudioVersion = 10.0.40219.1
Project("{FAE04EC0-301F-11D3-BF4B-00C04F79EFBC}") = "Task1.5", "Task1.5\Task1.5.csproj", "{EA36C0FC-830B-4C1F-A245-249D9612BFF8}"
EndProject
Global
	GlobalSection(SolutionConfigurationPlatforms) = preSolution
		Debug|Any CPU = Debug|Any CPU
		Release|Any CPU = Release|Any CPU
	EndGlobalSection
	GlobalSection(ProjectConfigurationPlatforms) = postSolution
		{EA36C0FC-830B-4C1F-A245-249D9612BFF8}.Debug|Any CPU.ActiveCfg = Debug|Any CPU
		{EA36C0FC-830B-4C1F-A245-249D9612BFF8}.Debug|Any CPU.Build.0 = Debug|Any CPU
		{EA36C0FC-830B-4C1F-A245-249D9612BFF8}.Release|Any CPU.ActiveCfg = Release|Any CPU
		{EA36C0FC-830B-4C1F-A245-249D9612BFF8}.Release|Any CPU.Build.0 = Release|Any CPU
	EndGlobalSection
	GlobalSection(SolutionProperties) = preSolution
		HideSolutionNode = FALSE
	EndGlobalSection
	GlobalSection(ExtensibilityGlobals) = postSolution
		SolutionGuid = {1CA030E2-0271-4F1B-9FCD-FD7D0EC8D93F}
	EndGlobalSection
EndGlobal
